
Microsoft Visual Studio Solution File, Format Version 12.00
# Visual Studio Version 17
VisualStudioVersion = 17.3.32901.215
MinimumVisualStudioVersion = 10.0.40219.1
Project("{FAE04EC0-301F-11D3-BF4B-00C04F79EFBC}") = "VariablesTask", "VariablesTask\VariablesTask.csproj", "{C61019A5-61C5-4746-987F-D0218CF6C30E}"
EndProject
Global
	GlobalSection(SolutionConfigurationPlatforms) = preSolution
		Debug|Any CPU = Debug|Any CPU
		Release|Any CPU = Release|Any CPU
	EndGlobalSection
	GlobalSection(ProjectConfigurationPlatforms) = postSolution
		{C61019A5-61C5-4746-987F-D0218CF6C30E}.Debug|Any CPU.ActiveCfg = Debug|Any CPU
		{C61019A5-61C5-4746-987F-D0218CF6C30E}.Debug|Any CPU.Build.0 = Debug|Any CPU
		{C61019A5-61C5-4746-987F-D0218CF6C30E}.Release|Any CPU.ActiveCfg = Release|Any CPU
		{C61019A5-61C5-4746-987F-D0218CF6C30E}.Release|Any CPU.Build.0 = Release|Any CPU
	EndGlobalSection
	GlobalSection(SolutionProperties) = preSolution
		HideSolutionNode = FALSE
	EndGlobalSection
	GlobalSection(ExtensibilityGlobals) = postSolution
		SolutionGuid = {7A03AC25-496B-4192-BBFE-C19B68296671}
	EndGlobalSection
EndGlobal
